{
  "version": 4,
  "terraform_version": "1.10.1",
  "serial": 31,
  "lineage": "1864e810-6300-595b-d305-000cd6fd7736",
  "outputs": {},
  "resources": [
    {
      "mode": "data",
      "type": "vsphere_compute_cluster",
      "name": "cluster",
      "provider": "provider[\"registry.terraform.io/hashicorp/vsphere\"]",
      "instances": [
        {
          "schema_version": 0,
          "attributes": {
            "datacenter_id": "datacenter-3",
            "id": "domain-c8",
            "name": "COMM-CL01",
            "resource_pool_id": "resgroup-9"
          },
          "sensitive_attributes": []
        }
      ]
    },
    {
      "mode": "data",
      "type": "vsphere_datacenter",
      "name": "datacenter",
      "provider": "provider[\"registry.terraform.io/hashicorp/vsphere\"]",
      "instances": [
        {
          "schema_version": 0,
          "attributes": {
            "id": "datacenter-3",
            "name": "Datacenter",
            "virtual_machines": [
              "91-k8s-master1",
              "91-k8s-master2",
              "91-k8s-master3",
              "91-k8s-worker1",
              "91-k8s-worker2",
              "91-k8s-worker3",
              "92-k8s-master1",
              "92-k8s-master2",
              "92-k8s-master3",
              "92-k8s-worker1",
              "92-k8s-worker2",
              "92-k8s-worker3",
              "Client-Window",
              "FortiAuthenticator-VM",
              "JS_Terraform",
              "K24SECA017",
              "K24SNUA001",
              "K24SNUA002",
              "KSH-DB",
              "KSH-Vault",
              "LibraryTemp",
              "NAS",
              "OCP-Bastion",
              "OCP-BootStrap",
              "OCP-Master1",
              "OCP-Master2",
              "OCP-Master3",
              "OCP-Worker1",
              "OCP-Worker2",
              "SHAN-db2",
              "SJS-OSP-1",
              "SJS-OSP-2",
              "SJS-OSP-3",
              "SJS-iSCSI-GW",
              "SJS-iSCSI-GW-2",
              "SJS-pakcstack-Compute-Node",
              "SJS-pakcstack-Controller-Node",
              "SJS_Ansible",
              "SMC_SSM",
              "TICK-ext",
              "TICK-ext2",
              "aircuve001",
              "aircuve002",
              "automated-db-backups",
              "c-trace",
              "dgx-default-VM",
              "dgx-default-template",
              "dsk- asap-aap1",
              "dsk-asap-fs",
              "dskccapi001",
              "dskccapi01",
              "dskccapi02",
              "dskccapi03",
              "dskcccol01",
              "dskcccol02",
              "dskcccol03",
              "dskccdb001",
              "dskccdb01",
              "dskccdb02",
              "dskcconf01",
              "dskcconf02",
              "dskcconfcrowd",
              "dskcconfdb",
              "dskcconfweb",
              "dskcedg01",
              "dskcedg02",
              "dskci001-new",
              "dskci002-new",
              "dskcipam01",
              "dskco001-new",
              "dskco002-new",
              "dskcpdb001",
              "dskcpdb01",
              "dskcpdb02",
              "dskcpwas001",
              "dskcpwas01",
              "dskcpwas02",
              "dskcpweb001",
              "dskcpweb01",
              "dskcpweb02",
              "dskcrh001",
              "dskcsignoz01",
              "dskcvca01",
              "dskcvca01-bak",
              "dskcvca01_bak0705",
              "dskelasticsearch",
              "dskgit001-new",
              "dskgit002-new",
              "dskha001",
              "dskha002",
              "dskharbor",
              "dskjenkins",
              "dskkibana",
              "dsklogstash",
              "dsknexus",
              "dskproxy",
              "dskregistry001-new",
              "dskrepo",
              "dsktestweb01",
              "dsktestweb02",
              "dskzabbix",
              "dskzabbix (old-second)",
              "dskzabbix-new (old-first)",
              "ksh-ceph-1",
              "ksh-ceph-2",
              "ksh-ceph-3",
              "ksh-ceph-boot",
              "ksh-test",
              "master-1",
              "master-2",
              "master-3",
              "shared-data",
              "shutdown-process",
              "shutdown-process-2",
              "sjs-rhel-9,1",
              "sjs-ubuntu-22.04",
              "sjs-ubuntu-22.04-2",
              "splunk",
              "template-centos7.9-nodocker",
              "test-node.js",
              "ubuntu-20.04-template",
              "ubuntu-22.04-template",
              "ubuntu22.04-template",
              "vCLS-8cbd8ecf-a738-42f6-85c6-f04e75b73035",
              "vCLS-a1fc0b8f-9081-4f7e-aca5-5aef4a900179",
              "vCLS-c11675e1-821a-432a-b1f8-b17d60db0d0d",
              "vFront-UserPortal",
              "worker-1",
              "worker-2",
              "worker-3"
            ]
          },
          "sensitive_attributes": []
        }
      ]
    },
    {
      "mode": "data",
      "type": "vsphere_datastore",
      "name": "datastore",
      "provider": "provider[\"registry.terraform.io/hashicorp/vsphere\"]",
      "instances": [
        {
          "schema_version": 0,
          "attributes": {
            "datacenter_id": "datacenter-3",
            "id": "datastore-4022",
            "name": "COMM_vsanDatastore",
            "stats": {
              "capacity": "230444708659200",
              "free": "193002211377164"
            }
          },
          "sensitive_attributes": []
        }
      ]
    },
    {
      "mode": "data",
      "type": "vsphere_distributed_virtual_switch",
      "name": "distributed_switch",
      "provider": "provider[\"registry.terraform.io/hashicorp/vsphere\"]",
      "instances": [
        {
          "schema_version": 0,
          "attributes": {
            "datacenter_id": "datacenter-3",
            "id": "50 10 a6 a0 6f d5 24 39-60 ad da 6b 49 3f fb 26",
            "name": "COMM-CL01-vDS",
            "uplinks": [
              "업링크 1",
              "업링크 2",
              "업링크 3",
              "업링크 4"
            ]
          },
          "sensitive_attributes": []
        }
      ]
    },
    {
      "mode": "data",
      "type": "vsphere_network",
      "name": "network_99",
      "provider": "provider[\"registry.terraform.io/hashicorp/vsphere\"]",
      "instances": [
        {
          "schema_version": 0,
          "attributes": {
            "datacenter_id": "datacenter-3",
            "distributed_virtual_switch_uuid": null,
            "filter": null,
            "id": "dvportgroup-9132",
            "name": "LS-OV-10.10.99.x-PXE",
            "type": "DistributedVirtualPortgroup"
          },
          "sensitive_attributes": []
        }
      ]
    },
    {
      "mode": "data",
      "type": "vsphere_virtual_machine",
      "name": "template",
      "provider": "provider[\"registry.terraform.io/hashicorp/vsphere\"]",
      "instances": [
        {
          "schema_version": 0,
          "attributes": {
            "alternate_guest_name": "",
            "annotation": "",
            "boot_delay": 0,
            "boot_retry_delay": 10000,
            "boot_retry_enabled": false,
            "change_version": "2025-01-03T01:09:45.9592Z",
            "cpu_hot_add_enabled": true,
            "cpu_hot_remove_enabled": false,
            "cpu_limit": -1,
            "cpu_performance_counters_enabled": false,
            "cpu_reservation": 0,
            "cpu_share_count": 4000,
            "cpu_share_level": "normal",
            "datacenter_id": "datacenter-3",
            "default_ip_address": null,
            "disks": [
              {
                "eagerly_scrub": false,
                "label": "Hard disk 1",
                "size": 100,
                "thin_provisioned": true,
                "unit_number": 0
              }
            ],
            "efi_secure_boot_enabled": false,
            "enable_disk_uuid": false,
            "enable_logging": true,
            "ept_rvi_mode": "automatic",
            "extra_config": {},
            "extra_config_reboot_required": true,
            "firmware": "bios",
            "folder": null,
            "guest_id": "ubuntu64Guest",
            "guest_ip_addresses": [],
            "hardware_version": 19,
            "hv_mode": "hvAuto",
            "id": "4210dc3a-963d-a83b-f926-7929987471de",
            "ide_controller_scan_count": 2,
            "instance_uuid": "50102fbc-5fe4-6094-2927-799f8b1b932d",
            "latency_sensitivity": "normal",
            "memory": 8192,
            "memory_hot_add_enabled": true,
            "memory_limit": -1,
            "memory_reservation": 0,
            "memory_reservation_locked_to_max": false,
            "memory_share_count": 81920,
            "memory_share_level": "normal",
            "moid": "vm-13007",
            "name": "ubuntu-22.04-template",
            "nested_hv_enabled": true,
            "network_interface_types": [
              "vmxnet3"
            ],
            "network_interfaces": [
              {
                "adapter_type": "vmxnet3",
                "bandwidth_limit": -1,
                "bandwidth_reservation": 0,
                "bandwidth_share_count": 50,
                "bandwidth_share_level": "normal",
                "mac_address": "00:50:56:90:c3:1e",
                "network_id": "dvportgroup-4058",
                "physical_function": ""
              }
            ],
            "num_cores_per_socket": 1,
            "num_cpus": 4,
            "replace_trigger": null,
            "run_tools_scripts_after_power_on": true,
            "run_tools_scripts_after_resume": true,
            "run_tools_scripts_before_guest_reboot": false,
            "run_tools_scripts_before_guest_shutdown": true,
            "run_tools_scripts_before_guest_standby": true,
            "sata_controller_scan_count": 0,
            "scsi_bus_sharing": "noSharing",
            "scsi_controller_scan_count": 1,
            "scsi_type": "pvscsi",
            "storage_policy_id": null,
            "swap_placement_policy": "inherit",
            "sync_time_with_host": true,
            "sync_time_with_host_periodically": false,
            "tools_upgrade_policy": "manual",
            "uuid": "4210dc3a-963d-a83b-f926-7929987471de",
            "vapp": null,
            "vapp_transport": [],
            "vbs_enabled": false,
            "vtpm": null,
            "vvtd_enabled": false
          },
          "sensitive_attributes": []
        }
      ]
    },
    {
      "mode": "managed",
      "type": "vsphere_virtual_machine",
      "name": "master_1",
      "provider": "provider[\"registry.terraform.io/hashicorp/vsphere\"]",
      "instances": [
        {
          "schema_version": 3,
          "attributes": {
            "alternate_guest_name": "",
            "annotation": "",
            "boot_delay": 0,
            "boot_retry_delay": 10000,
            "boot_retry_enabled": false,
            "cdrom": [],
            "change_version": "2025-01-07T06:42:49.179835Z",
            "clone": [
              {
                "customization_spec": [],
                "customize": [
                  {
                    "dns_server_list": [
                      "10.10.92.201"
                    ],
                    "dns_suffix_list": [],
                    "ipv4_gateway": "10.10.99.1",
                    "ipv6_gateway": "",
                    "linux_options": [
                      {
                        "domain": "smrc.klab-a",
                        "host_name": "master-1",
                        "hw_clock_utc": true,
                        "script_text": "",
                        "time_zone": ""
                      }
                    ],
                    "network_interface": [
                      {
                        "dns_domain": "",
                        "dns_server_list": [],
                        "ipv4_address": "10.10.99.11",
                        "ipv4_netmask": 24,
                        "ipv6_address": "",
                        "ipv6_netmask": 0
                      }
                    ],
                    "timeout": 10,
                    "windows_options": [],
                    "windows_sysprep_text": ""
                  }
                ],
                "linked_clone": false,
                "ovf_network_map": {},
                "ovf_storage_map": {},
                "template_uuid": "4210dc3a-963d-a83b-f926-7929987471de",
                "timeout": 30
              }
            ],
            "cpu_hot_add_enabled": false,
            "cpu_hot_remove_enabled": false,
            "cpu_limit": -1,
            "cpu_performance_counters_enabled": false,
            "cpu_reservation": 0,
            "cpu_share_count": 4000,
            "cpu_share_level": "normal",
            "custom_attributes": {},
            "datacenter_id": null,
            "datastore_cluster_id": null,
            "datastore_id": "datastore-4022",
            "default_ip_address": "10.10.99.11",
            "disk": [
              {
                "attach": false,
                "controller_type": "scsi",
                "datastore_id": "datastore-4022",
                "device_address": "scsi:0:0",
                "disk_mode": "persistent",
                "disk_sharing": "sharingNone",
                "eagerly_scrub": false,
                "io_limit": -1,
                "io_reservation": 0,
                "io_share_count": 1000,
                "io_share_level": "normal",
                "keep_on_remove": false,
                "key": 2000,
                "label": "disk",
                "path": "8ccc7c67-ce9d-cbc5-e82e-5c6f69eadb90/master-1.vmdk",
                "size": 300,
                "storage_policy_id": "aa6d5a82-1c88-45da-85d3-3d74b91a5bad",
                "thin_provisioned": true,
                "unit_number": 0,
                "uuid": "6000C292-97ea-378d-cdc7-9adab02d5e03",
                "write_through": false
              }
            ],
            "efi_secure_boot_enabled": false,
            "enable_disk_uuid": false,
            "enable_logging": false,
            "ept_rvi_mode": "automatic",
            "extra_config": {},
            "extra_config_reboot_required": true,
            "firmware": "bios",
            "folder": "",
            "force_power_off": true,
            "guest_id": "ubuntu64Guest",
            "guest_ip_addresses": [
              "10.10.99.11",
              "fe80::250:56ff:fe90:fc28"
            ],
            "hardware_version": 19,
            "host_system_id": "host-4079",
            "hv_mode": "hvAuto",
            "id": "421002ca-e66a-21e9-d0e8-d45ca6d91f18",
            "ide_controller_count": 2,
            "ignored_guest_ips": null,
            "imported": null,
            "latency_sensitivity": "normal",
            "memory": 8192,
            "memory_hot_add_enabled": false,
            "memory_limit": -1,
            "memory_reservation": 0,
            "memory_reservation_locked_to_max": false,
            "memory_share_count": 81920,
            "memory_share_level": "normal",
            "migrate_wait_timeout": 30,
            "moid": "vm-13016",
            "name": "master-1",
            "nested_hv_enabled": false,
            "network_interface": [
              {
                "adapter_type": "vmxnet3",
                "bandwidth_limit": -1,
                "bandwidth_reservation": 0,
                "bandwidth_share_count": 50,
                "bandwidth_share_level": "normal",
                "device_address": "pci:0:7",
                "key": 4000,
                "mac_address": "00:50:56:90:fc:28",
                "network_id": "dvportgroup-9132",
                "ovf_mapping": "",
                "physical_function": "",
                "use_static_mac": false
              }
            ],
            "num_cores_per_socket": 1,
            "num_cpus": 4,
            "ovf_deploy": [],
            "pci_device_id": [],
            "power_state": "on",
            "poweron_timeout": 300,
            "reboot_required": false,
            "replace_trigger": null,
            "resource_pool_id": "resgroup-9",
            "run_tools_scripts_after_power_on": true,
            "run_tools_scripts_after_resume": true,
            "run_tools_scripts_before_guest_reboot": false,
            "run_tools_scripts_before_guest_shutdown": true,
            "run_tools_scripts_before_guest_standby": true,
            "sata_controller_count": 0,
            "scsi_bus_sharing": "noSharing",
            "scsi_controller_count": 1,
            "scsi_type": "pvscsi",
            "shutdown_wait_timeout": 3,
            "storage_policy_id": "aa6d5a82-1c88-45da-85d3-3d74b91a5bad",
            "swap_placement_policy": "inherit",
            "sync_time_with_host": true,
            "sync_time_with_host_periodically": false,
            "tags": [],
            "tools_upgrade_policy": "manual",
            "uuid": "421002ca-e66a-21e9-d0e8-d45ca6d91f18",
            "vapp": [],
            "vapp_transport": [],
            "vbs_enabled": false,
            "vmware_tools_status": "guestToolsRunning",
            "vmx_path": "8ccc7c67-ce9d-cbc5-e82e-5c6f69eadb90/master-1.vmx",
            "vtpm": [],
            "vvtd_enabled": false,
            "wait_for_guest_ip_timeout": 0,
            "wait_for_guest_net_routable": true,
            "wait_for_guest_net_timeout": 5
          },
          "sensitive_attributes": [
            [
              {
                "type": "get_attr",
                "value": "clone"
              },
              {
                "type": "index",
                "value": {
                  "value": 0,
                  "type": "number"
                }
              },
              {
                "type": "get_attr",
                "value": "customize"
              },
              {
                "type": "index",
                "value": {
                  "value": 0,
                  "type": "number"
                }
              },
              {
                "type": "get_attr",
                "value": "linux_options"
              },
              {
                "type": "index",
                "value": {
                  "value": 0,
                  "type": "number"
                }
              },
              {
                "type": "get_attr",
                "value": "script_text"
              }
            ],
            [
              {
                "type": "get_attr",
                "value": "clone"
              },
              {
                "type": "index",
                "value": {
                  "value": 0,
                  "type": "number"
                }
              },
              {
                "type": "get_attr",
                "value": "customize"
              },
              {
                "type": "index",
                "value": {
                  "value": 0,
                  "type": "number"
                }
              },
              {
                "type": "get_attr",
                "value": "windows_sysprep_text"
              }
            ]
          ],
          "private": "eyJzY2hlbWFfdmVyc2lvbiI6IjMifQ==",
          "dependencies": [
            "data.vsphere_compute_cluster.cluster",
            "data.vsphere_datacenter.datacenter",
            "data.vsphere_datastore.datastore",
            "data.vsphere_network.network_99",
            "data.vsphere_virtual_machine.template"
          ]
        }
      ]
    },
    {
      "mode": "managed",
      "type": "vsphere_virtual_machine",
      "name": "master_2",
      "provider": "provider[\"registry.terraform.io/hashicorp/vsphere\"]",
      "instances": [
        {
          "schema_version": 3,
          "attributes": {
            "alternate_guest_name": "",
            "annotation": "",
            "boot_delay": 0,
            "boot_retry_delay": 10000,
            "boot_retry_enabled": false,
            "cdrom": [],
            "change_version": "2025-01-07T06:45:12.839515Z",
            "clone": [
              {
                "customization_spec": [],
                "customize": [
                  {
                    "dns_server_list": [
                      "10.10.92.201"
                    ],
                    "dns_suffix_list": [],
                    "ipv4_gateway": "10.10.99.1",
                    "ipv6_gateway": "",
                    "linux_options": [
                      {
                        "domain": "smrc.klab-a",
                        "host_name": "master-2",
                        "hw_clock_utc": true,
                        "script_text": "",
                        "time_zone": ""
                      }
                    ],
                    "network_interface": [
                      {
                        "dns_domain": "",
                        "dns_server_list": [],
                        "ipv4_address": "10.10.99.12",
                        "ipv4_netmask": 24,
                        "ipv6_address": "",
                        "ipv6_netmask": 0
                      }
                    ],
                    "timeout": 10,
                    "windows_options": [],
                    "windows_sysprep_text": ""
                  }
                ],
                "linked_clone": false,
                "ovf_network_map": {},
                "ovf_storage_map": {},
                "template_uuid": "4210dc3a-963d-a83b-f926-7929987471de",
                "timeout": 30
              }
            ],
            "cpu_hot_add_enabled": false,
            "cpu_hot_remove_enabled": false,
            "cpu_limit": -1,
            "cpu_performance_counters_enabled": false,
            "cpu_reservation": 0,
            "cpu_share_count": 4000,
            "cpu_share_level": "normal",
            "custom_attributes": {},
            "datacenter_id": null,
            "datastore_cluster_id": null,
            "datastore_id": "datastore-4022",
            "default_ip_address": "10.10.99.12",
            "disk": [
              {
                "attach": false,
                "controller_type": "scsi",
                "datastore_id": "datastore-4022",
                "device_address": "scsi:0:0",
                "disk_mode": "persistent",
                "disk_sharing": "sharingNone",
                "eagerly_scrub": false,
                "io_limit": -1,
                "io_reservation": 0,
                "io_share_count": 1000,
                "io_share_level": "normal",
                "keep_on_remove": false,
                "key": 2000,
                "label": "disk",
                "path": "8ccc7c67-dc24-5ef8-3a1f-5c6f69eadb90/master-2.vmdk",
                "size": 300,
                "storage_policy_id": "aa6d5a82-1c88-45da-85d3-3d74b91a5bad",
                "thin_provisioned": true,
                "unit_number": 0,
                "uuid": "6000C291-5e3e-2003-4d0b-ae73cbcd3e63",
                "write_through": false
              }
            ],
            "efi_secure_boot_enabled": false,
            "enable_disk_uuid": false,
            "enable_logging": false,
            "ept_rvi_mode": "automatic",
            "extra_config": {},
            "extra_config_reboot_required": true,
            "firmware": "bios",
            "folder": "",
            "force_power_off": true,
            "guest_id": "ubuntu64Guest",
            "guest_ip_addresses": [
              "10.10.99.12",
              "fe80::250:56ff:fe90:4128"
            ],
            "hardware_version": 19,
            "host_system_id": "host-4079",
            "hv_mode": "hvAuto",
            "id": "4210ede1-079c-bf34-27e6-f477939039a5",
            "ide_controller_count": 2,
            "ignored_guest_ips": null,
            "imported": null,
            "latency_sensitivity": "normal",
            "memory": 8192,
            "memory_hot_add_enabled": false,
            "memory_limit": -1,
            "memory_reservation": 0,
            "memory_reservation_locked_to_max": false,
            "memory_share_count": 81920,
            "memory_share_level": "normal",
            "migrate_wait_timeout": 30,
            "moid": "vm-13019",
            "name": "master-2",
            "nested_hv_enabled": false,
            "network_interface": [
              {
                "adapter_type": "vmxnet3",
                "bandwidth_limit": -1,
                "bandwidth_reservation": 0,
                "bandwidth_share_count": 50,
                "bandwidth_share_level": "normal",
                "device_address": "pci:0:7",
                "key": 4000,
                "mac_address": "00:50:56:90:41:28",
                "network_id": "dvportgroup-9132",
                "ovf_mapping": "",
                "physical_function": "",
                "use_static_mac": false
              }
            ],
            "num_cores_per_socket": 1,
            "num_cpus": 4,
            "ovf_deploy": [],
            "pci_device_id": [],
            "power_state": "on",
            "poweron_timeout": 300,
            "reboot_required": false,
            "replace_trigger": null,
            "resource_pool_id": "resgroup-9",
            "run_tools_scripts_after_power_on": true,
            "run_tools_scripts_after_resume": true,
            "run_tools_scripts_before_guest_reboot": false,
            "run_tools_scripts_before_guest_shutdown": true,
            "run_tools_scripts_before_guest_standby": true,
            "sata_controller_count": 0,
            "scsi_bus_sharing": "noSharing",
            "scsi_controller_count": 1,
            "scsi_type": "pvscsi",
            "shutdown_wait_timeout": 3,
            "storage_policy_id": "aa6d5a82-1c88-45da-85d3-3d74b91a5bad",
            "swap_placement_policy": "inherit",
            "sync_time_with_host": true,
            "sync_time_with_host_periodically": false,
            "tags": [],
            "tools_upgrade_policy": "manual",
            "uuid": "4210ede1-079c-bf34-27e6-f477939039a5",
            "vapp": [],
            "vapp_transport": [],
            "vbs_enabled": false,
            "vmware_tools_status": "guestToolsRunning",
            "vmx_path": "8ccc7c67-dc24-5ef8-3a1f-5c6f69eadb90/master-2.vmx",
            "vtpm": [],
            "vvtd_enabled": false,
            "wait_for_guest_ip_timeout": 0,
            "wait_for_guest_net_routable": true,
            "wait_for_guest_net_timeout": 5
          },
          "sensitive_attributes": [
            [
              {
                "type": "get_attr",
                "value": "clone"
              },
              {
                "type": "index",
                "value": {
                  "value": 0,
                  "type": "number"
                }
              },
              {
                "type": "get_attr",
                "value": "customize"
              },
              {
                "type": "index",
                "value": {
                  "value": 0,
                  "type": "number"
                }
              },
              {
                "type": "get_attr",
                "value": "windows_sysprep_text"
              }
            ],
            [
              {
                "type": "get_attr",
                "value": "clone"
              },
              {
                "type": "index",
                "value": {
                  "value": 0,
                  "type": "number"
                }
              },
              {
                "type": "get_attr",
                "value": "customize"
              },
              {
                "type": "index",
                "value": {
                  "value": 0,
                  "type": "number"
                }
              },
              {
                "type": "get_attr",
                "value": "linux_options"
              },
              {
                "type": "index",
                "value": {
                  "value": 0,
                  "type": "number"
                }
              },
              {
                "type": "get_attr",
                "value": "script_text"
              }
            ]
          ],
          "private": "eyJzY2hlbWFfdmVyc2lvbiI6IjMifQ==",
          "dependencies": [
            "data.vsphere_compute_cluster.cluster",
            "data.vsphere_datacenter.datacenter",
            "data.vsphere_datastore.datastore",
            "data.vsphere_network.network_99",
            "data.vsphere_virtual_machine.template"
          ]
        }
      ]
    },
    {
      "mode": "managed",
      "type": "vsphere_virtual_machine",
      "name": "master_3",
      "provider": "provider[\"registry.terraform.io/hashicorp/vsphere\"]",
      "instances": [
        {
          "schema_version": 3,
          "attributes": {
            "alternate_guest_name": "",
            "annotation": "",
            "boot_delay": 0,
            "boot_retry_delay": 10000,
            "boot_retry_enabled": false,
            "cdrom": [],
            "change_version": "2025-01-07T06:42:20.668231Z",
            "clone": [
              {
                "customization_spec": [],
                "customize": [
                  {
                    "dns_server_list": [
                      "10.10.92.201"
                    ],
                    "dns_suffix_list": [],
                    "ipv4_gateway": "10.10.99.1",
                    "ipv6_gateway": "",
                    "linux_options": [
                      {
                        "domain": "smrc.klab-a",
                        "host_name": "master-3",
                        "hw_clock_utc": true,
                        "script_text": "",
                        "time_zone": ""
                      }
                    ],
                    "network_interface": [
                      {
                        "dns_domain": "",
                        "dns_server_list": [],
                        "ipv4_address": "10.10.99.13",
                        "ipv4_netmask": 24,
                        "ipv6_address": "",
                        "ipv6_netmask": 0
                      }
                    ],
                    "timeout": 10,
                    "windows_options": [],
                    "windows_sysprep_text": ""
                  }
                ],
                "linked_clone": false,
                "ovf_network_map": {},
                "ovf_storage_map": {},
                "template_uuid": "4210dc3a-963d-a83b-f926-7929987471de",
                "timeout": 30
              }
            ],
            "cpu_hot_add_enabled": false,
            "cpu_hot_remove_enabled": false,
            "cpu_limit": -1,
            "cpu_performance_counters_enabled": false,
            "cpu_reservation": 0,
            "cpu_share_count": 4000,
            "cpu_share_level": "normal",
            "custom_attributes": {},
            "datacenter_id": null,
            "datastore_cluster_id": null,
            "datastore_id": "datastore-4022",
            "default_ip_address": "10.10.99.13",
            "disk": [
              {
                "attach": false,
                "controller_type": "scsi",
                "datastore_id": "datastore-4022",
                "device_address": "scsi:0:0",
                "disk_mode": "persistent",
                "disk_sharing": "sharingNone",
                "eagerly_scrub": false,
                "io_limit": -1,
                "io_reservation": 0,
                "io_share_count": 1000,
                "io_share_level": "normal",
                "keep_on_remove": false,
                "key": 2000,
                "label": "disk",
                "path": "8ccc7c67-0423-8a17-645a-5c6f69ead480/master-3.vmdk",
                "size": 300,
                "storage_policy_id": "aa6d5a82-1c88-45da-85d3-3d74b91a5bad",
                "thin_provisioned": true,
                "unit_number": 0,
                "uuid": "6000C29d-c697-99da-bfa4-a7bd39ceecc2",
                "write_through": false
              }
            ],
            "efi_secure_boot_enabled": false,
            "enable_disk_uuid": false,
            "enable_logging": false,
            "ept_rvi_mode": "automatic",
            "extra_config": {},
            "extra_config_reboot_required": true,
            "firmware": "bios",
            "folder": "",
            "force_power_off": true,
            "guest_id": "ubuntu64Guest",
            "guest_ip_addresses": [
              "10.10.99.13",
              "fe80::250:56ff:fe90:6497"
            ],
            "hardware_version": 19,
            "host_system_id": "host-4079",
            "hv_mode": "hvAuto",
            "id": "4210400e-1a95-e134-4a3a-8634e8f81edb",
            "ide_controller_count": 2,
            "ignored_guest_ips": null,
            "imported": null,
            "latency_sensitivity": "normal",
            "memory": 8192,
            "memory_hot_add_enabled": false,
            "memory_limit": -1,
            "memory_reservation": 0,
            "memory_reservation_locked_to_max": false,
            "memory_share_count": 81920,
            "memory_share_level": "normal",
            "migrate_wait_timeout": 30,
            "moid": "vm-13017",
            "name": "master-3",
            "nested_hv_enabled": false,
            "network_interface": [
              {
                "adapter_type": "vmxnet3",
                "bandwidth_limit": -1,
                "bandwidth_reservation": 0,
                "bandwidth_share_count": 50,
                "bandwidth_share_level": "normal",
                "device_address": "pci:0:7",
                "key": 4000,
                "mac_address": "00:50:56:90:64:97",
                "network_id": "dvportgroup-9132",
                "ovf_mapping": "",
                "physical_function": "",
                "use_static_mac": false
              }
            ],
            "num_cores_per_socket": 1,
            "num_cpus": 4,
            "ovf_deploy": [],
            "pci_device_id": [],
            "power_state": "on",
            "poweron_timeout": 300,
            "reboot_required": false,
            "replace_trigger": null,
            "resource_pool_id": "resgroup-9",
            "run_tools_scripts_after_power_on": true,
            "run_tools_scripts_after_resume": true,
            "run_tools_scripts_before_guest_reboot": false,
            "run_tools_scripts_before_guest_shutdown": true,
            "run_tools_scripts_before_guest_standby": true,
            "sata_controller_count": 0,
            "scsi_bus_sharing": "noSharing",
            "scsi_controller_count": 1,
            "scsi_type": "pvscsi",
            "shutdown_wait_timeout": 3,
            "storage_policy_id": "aa6d5a82-1c88-45da-85d3-3d74b91a5bad",
            "swap_placement_policy": "inherit",
            "sync_time_with_host": true,
            "sync_time_with_host_periodically": false,
            "tags": [],
            "tools_upgrade_policy": "manual",
            "uuid": "4210400e-1a95-e134-4a3a-8634e8f81edb",
            "vapp": [],
            "vapp_transport": [],
            "vbs_enabled": false,
            "vmware_tools_status": "guestToolsRunning",
            "vmx_path": "8ccc7c67-0423-8a17-645a-5c6f69ead480/master-3.vmx",
            "vtpm": [],
            "vvtd_enabled": false,
            "wait_for_guest_ip_timeout": 0,
            "wait_for_guest_net_routable": true,
            "wait_for_guest_net_timeout": 5
          },
          "sensitive_attributes": [
            [
              {
                "type": "get_attr",
                "value": "clone"
              },
              {
                "type": "index",
                "value": {
                  "value": 0,
                  "type": "number"
                }
              },
              {
                "type": "get_attr",
                "value": "customize"
              },
              {
                "type": "index",
                "value": {
                  "value": 0,
                  "type": "number"
                }
              },
              {
                "type": "get_attr",
                "value": "linux_options"
              },
              {
                "type": "index",
                "value": {
                  "value": 0,
                  "type": "number"
                }
              },
              {
                "type": "get_attr",
                "value": "script_text"
              }
            ],
            [
              {
                "type": "get_attr",
                "value": "clone"
              },
              {
                "type": "index",
                "value": {
                  "value": 0,
                  "type": "number"
                }
              },
              {
                "type": "get_attr",
                "value": "customize"
              },
              {
                "type": "index",
                "value": {
                  "value": 0,
                  "type": "number"
                }
              },
              {
                "type": "get_attr",
                "value": "windows_sysprep_text"
              }
            ]
          ],
          "private": "eyJzY2hlbWFfdmVyc2lvbiI6IjMifQ==",
          "dependencies": [
            "data.vsphere_compute_cluster.cluster",
            "data.vsphere_datacenter.datacenter",
            "data.vsphere_datastore.datastore",
            "data.vsphere_network.network_99",
            "data.vsphere_virtual_machine.template"
          ]
        }
      ]
    },
    {
      "mode": "managed",
      "type": "vsphere_virtual_machine",
      "name": "worker_1",
      "provider": "provider[\"registry.terraform.io/hashicorp/vsphere\"]",
      "instances": [
        {
          "schema_version": 3,
          "attributes": {
            "alternate_guest_name": "",
            "annotation": "",
            "boot_delay": 0,
            "boot_retry_delay": 10000,
            "boot_retry_enabled": false,
            "cdrom": [],
            "change_version": "2025-01-07T06:42:35.90411Z",
            "clone": [
              {
                "customization_spec": [],
                "customize": [
                  {
                    "dns_server_list": [
                      "10.10.92.201"
                    ],
                    "dns_suffix_list": [],
                    "ipv4_gateway": "10.10.99.1",
                    "ipv6_gateway": "",
                    "linux_options": [
                      {
                        "domain": "smrc.klab-a",
                        "host_name": "worker-1",
                        "hw_clock_utc": true,
                        "script_text": "",
                        "time_zone": ""
                      }
                    ],
                    "network_interface": [
                      {
                        "dns_domain": "",
                        "dns_server_list": [],
                        "ipv4_address": "10.10.99.14",
                        "ipv4_netmask": 24,
                        "ipv6_address": "",
                        "ipv6_netmask": 0
                      }
                    ],
                    "timeout": 10,
                    "windows_options": [],
                    "windows_sysprep_text": ""
                  }
                ],
                "linked_clone": false,
                "ovf_network_map": {},
                "ovf_storage_map": {},
                "template_uuid": "4210dc3a-963d-a83b-f926-7929987471de",
                "timeout": 30
              }
            ],
            "cpu_hot_add_enabled": false,
            "cpu_hot_remove_enabled": false,
            "cpu_limit": -1,
            "cpu_performance_counters_enabled": false,
            "cpu_reservation": 0,
            "cpu_share_count": 4000,
            "cpu_share_level": "normal",
            "custom_attributes": {},
            "datacenter_id": null,
            "datastore_cluster_id": null,
            "datastore_id": "datastore-4022",
            "default_ip_address": "10.10.99.14",
            "disk": [
              {
                "attach": false,
                "controller_type": "scsi",
                "datastore_id": "datastore-4022",
                "device_address": "scsi:0:0",
                "disk_mode": "persistent",
                "disk_sharing": "sharingNone",
                "eagerly_scrub": false,
                "io_limit": -1,
                "io_reservation": 0,
                "io_share_count": 1000,
                "io_share_level": "normal",
                "keep_on_remove": false,
                "key": 2000,
                "label": "disk",
                "path": "8dcc7c67-80b7-442e-6531-5c6f69ead480/worker-1.vmdk",
                "size": 300,
                "storage_policy_id": "aa6d5a82-1c88-45da-85d3-3d74b91a5bad",
                "thin_provisioned": true,
                "unit_number": 0,
                "uuid": "6000C29b-4dd8-839a-658c-ed0416862538",
                "write_through": false
              }
            ],
            "efi_secure_boot_enabled": false,
            "enable_disk_uuid": false,
            "enable_logging": false,
            "ept_rvi_mode": "automatic",
            "extra_config": {},
            "extra_config_reboot_required": true,
            "firmware": "bios",
            "folder": "",
            "force_power_off": true,
            "guest_id": "ubuntu64Guest",
            "guest_ip_addresses": [
              "10.10.99.14",
              "fe80::250:56ff:fe90:fda7"
            ],
            "hardware_version": 19,
            "host_system_id": "host-4010",
            "hv_mode": "hvAuto",
            "id": "4210d81e-8f25-bfa5-f978-762308369da4",
            "ide_controller_count": 2,
            "ignored_guest_ips": null,
            "imported": null,
            "latency_sensitivity": "normal",
            "memory": 8192,
            "memory_hot_add_enabled": false,
            "memory_limit": -1,
            "memory_reservation": 0,
            "memory_reservation_locked_to_max": false,
            "memory_share_count": 81920,
            "memory_share_level": "normal",
            "migrate_wait_timeout": 30,
            "moid": "vm-13020",
            "name": "worker-1",
            "nested_hv_enabled": false,
            "network_interface": [
              {
                "adapter_type": "vmxnet3",
                "bandwidth_limit": -1,
                "bandwidth_reservation": 0,
                "bandwidth_share_count": 50,
                "bandwidth_share_level": "normal",
                "device_address": "pci:0:7",
                "key": 4000,
                "mac_address": "00:50:56:90:fd:a7",
                "network_id": "dvportgroup-9132",
                "ovf_mapping": "",
                "physical_function": "",
                "use_static_mac": false
              }
            ],
            "num_cores_per_socket": 1,
            "num_cpus": 4,
            "ovf_deploy": [],
            "pci_device_id": [],
            "power_state": "on",
            "poweron_timeout": 300,
            "reboot_required": false,
            "replace_trigger": null,
            "resource_pool_id": "resgroup-9",
            "run_tools_scripts_after_power_on": true,
            "run_tools_scripts_after_resume": true,
            "run_tools_scripts_before_guest_reboot": false,
            "run_tools_scripts_before_guest_shutdown": true,
            "run_tools_scripts_before_guest_standby": true,
            "sata_controller_count": 0,
            "scsi_bus_sharing": "noSharing",
            "scsi_controller_count": 1,
            "scsi_type": "pvscsi",
            "shutdown_wait_timeout": 3,
            "storage_policy_id": "aa6d5a82-1c88-45da-85d3-3d74b91a5bad",
            "swap_placement_policy": "inherit",
            "sync_time_with_host": true,
            "sync_time_with_host_periodically": false,
            "tags": [],
            "tools_upgrade_policy": "manual",
            "uuid": "4210d81e-8f25-bfa5-f978-762308369da4",
            "vapp": [],
            "vapp_transport": [],
            "vbs_enabled": false,
            "vmware_tools_status": "guestToolsRunning",
            "vmx_path": "8dcc7c67-80b7-442e-6531-5c6f69ead480/worker-1.vmx",
            "vtpm": [],
            "vvtd_enabled": false,
            "wait_for_guest_ip_timeout": 0,
            "wait_for_guest_net_routable": true,
            "wait_for_guest_net_timeout": 5
          },
          "sensitive_attributes": [
            [
              {
                "type": "get_attr",
                "value": "clone"
              },
              {
                "type": "index",
                "value": {
                  "value": 0,
                  "type": "number"
                }
              },
              {
                "type": "get_attr",
                "value": "customize"
              },
              {
                "type": "index",
                "value": {
                  "value": 0,
                  "type": "number"
                }
              },
              {
                "type": "get_attr",
                "value": "windows_sysprep_text"
              }
            ],
            [
              {
                "type": "get_attr",
                "value": "clone"
              },
              {
                "type": "index",
                "value": {
                  "value": 0,
                  "type": "number"
                }
              },
              {
                "type": "get_attr",
                "value": "customize"
              },
              {
                "type": "index",
                "value": {
                  "value": 0,
                  "type": "number"
                }
              },
              {
                "type": "get_attr",
                "value": "linux_options"
              },
              {
                "type": "index",
                "value": {
                  "value": 0,
                  "type": "number"
                }
              },
              {
                "type": "get_attr",
                "value": "script_text"
              }
            ]
          ],
          "private": "eyJzY2hlbWFfdmVyc2lvbiI6IjMifQ==",
          "dependencies": [
            "data.vsphere_compute_cluster.cluster",
            "data.vsphere_datacenter.datacenter",
            "data.vsphere_datastore.datastore",
            "data.vsphere_network.network_99",
            "data.vsphere_virtual_machine.template"
          ]
        }
      ]
    },
    {
      "mode": "managed",
      "type": "vsphere_virtual_machine",
      "name": "worker_2",
      "provider": "provider[\"registry.terraform.io/hashicorp/vsphere\"]",
      "instances": [
        {
          "schema_version": 3,
          "attributes": {
            "alternate_guest_name": "",
            "annotation": "",
            "boot_delay": 0,
            "boot_retry_delay": 10000,
            "boot_retry_enabled": false,
            "cdrom": [],
            "change_version": "2025-01-07T06:42:49.305877Z",
            "clone": [
              {
                "customization_spec": [],
                "customize": [
                  {
                    "dns_server_list": [
                      "10.10.92.201"
                    ],
                    "dns_suffix_list": [],
                    "ipv4_gateway": "10.10.99.1",
                    "ipv6_gateway": "",
                    "linux_options": [
                      {
                        "domain": "smrc.klab-a",
                        "host_name": "worker-2",
                        "hw_clock_utc": true,
                        "script_text": "",
                        "time_zone": ""
                      }
                    ],
                    "network_interface": [
                      {
                        "dns_domain": "",
                        "dns_server_list": [],
                        "ipv4_address": "10.10.99.15",
                        "ipv4_netmask": 24,
                        "ipv6_address": "",
                        "ipv6_netmask": 0
                      }
                    ],
                    "timeout": 10,
                    "windows_options": [],
                    "windows_sysprep_text": ""
                  }
                ],
                "linked_clone": false,
                "ovf_network_map": {},
                "ovf_storage_map": {},
                "template_uuid": "4210dc3a-963d-a83b-f926-7929987471de",
                "timeout": 30
              }
            ],
            "cpu_hot_add_enabled": false,
            "cpu_hot_remove_enabled": false,
            "cpu_limit": -1,
            "cpu_performance_counters_enabled": false,
            "cpu_reservation": 0,
            "cpu_share_count": 4000,
            "cpu_share_level": "normal",
            "custom_attributes": {},
            "datacenter_id": null,
            "datastore_cluster_id": null,
            "datastore_id": "datastore-4022",
            "default_ip_address": "10.10.99.15",
            "disk": [
              {
                "attach": false,
                "controller_type": "scsi",
                "datastore_id": "datastore-4022",
                "device_address": "scsi:0:0",
                "disk_mode": "persistent",
                "disk_sharing": "sharingNone",
                "eagerly_scrub": false,
                "io_limit": -1,
                "io_reservation": 0,
                "io_share_count": 1000,
                "io_share_level": "normal",
                "keep_on_remove": false,
                "key": 2000,
                "label": "disk",
                "path": "8ccc7c67-7e4d-93fe-4905-5c6f69ea9c50/worker-2.vmdk",
                "size": 300,
                "storage_policy_id": "aa6d5a82-1c88-45da-85d3-3d74b91a5bad",
                "thin_provisioned": true,
                "unit_number": 0,
                "uuid": "6000C297-b600-9a8f-419d-1729a6181ee6",
                "write_through": false
              }
            ],
            "efi_secure_boot_enabled": false,
            "enable_disk_uuid": false,
            "enable_logging": false,
            "ept_rvi_mode": "automatic",
            "extra_config": {},
            "extra_config_reboot_required": true,
            "firmware": "bios",
            "folder": "",
            "force_power_off": true,
            "guest_id": "ubuntu64Guest",
            "guest_ip_addresses": [
              "10.10.99.15",
              "fe80::250:56ff:fe90:7c92"
            ],
            "hardware_version": 19,
            "host_system_id": "host-3045",
            "hv_mode": "hvAuto",
            "id": "42109d17-ae86-d83d-19c2-fc5677630a41",
            "ide_controller_count": 2,
            "ignored_guest_ips": null,
            "imported": null,
            "latency_sensitivity": "normal",
            "memory": 8192,
            "memory_hot_add_enabled": false,
            "memory_limit": -1,
            "memory_reservation": 0,
            "memory_reservation_locked_to_max": false,
            "memory_share_count": 81920,
            "memory_share_level": "normal",
            "migrate_wait_timeout": 30,
            "moid": "vm-13018",
            "name": "worker-2",
            "nested_hv_enabled": false,
            "network_interface": [
              {
                "adapter_type": "vmxnet3",
                "bandwidth_limit": -1,
                "bandwidth_reservation": 0,
                "bandwidth_share_count": 50,
                "bandwidth_share_level": "normal",
                "device_address": "pci:0:7",
                "key": 4000,
                "mac_address": "00:50:56:90:7c:92",
                "network_id": "dvportgroup-9132",
                "ovf_mapping": "",
                "physical_function": "",
                "use_static_mac": false
              }
            ],
            "num_cores_per_socket": 1,
            "num_cpus": 4,
            "ovf_deploy": [],
            "pci_device_id": [],
            "power_state": "on",
            "poweron_timeout": 300,
            "reboot_required": false,
            "replace_trigger": null,
            "resource_pool_id": "resgroup-9",
            "run_tools_scripts_after_power_on": true,
            "run_tools_scripts_after_resume": true,
            "run_tools_scripts_before_guest_reboot": false,
            "run_tools_scripts_before_guest_shutdown": true,
            "run_tools_scripts_before_guest_standby": true,
            "sata_controller_count": 0,
            "scsi_bus_sharing": "noSharing",
            "scsi_controller_count": 1,
            "scsi_type": "pvscsi",
            "shutdown_wait_timeout": 3,
            "storage_policy_id": "aa6d5a82-1c88-45da-85d3-3d74b91a5bad",
            "swap_placement_policy": "inherit",
            "sync_time_with_host": true,
            "sync_time_with_host_periodically": false,
            "tags": [],
            "tools_upgrade_policy": "manual",
            "uuid": "42109d17-ae86-d83d-19c2-fc5677630a41",
            "vapp": [],
            "vapp_transport": [],
            "vbs_enabled": false,
            "vmware_tools_status": "guestToolsRunning",
            "vmx_path": "8ccc7c67-7e4d-93fe-4905-5c6f69ea9c50/worker-2.vmx",
            "vtpm": [],
            "vvtd_enabled": false,
            "wait_for_guest_ip_timeout": 0,
            "wait_for_guest_net_routable": true,
            "wait_for_guest_net_timeout": 5
          },
          "sensitive_attributes": [
            [
              {
                "type": "get_attr",
                "value": "clone"
              },
              {
                "type": "index",
                "value": {
                  "value": 0,
                  "type": "number"
                }
              },
              {
                "type": "get_attr",
                "value": "customize"
              },
              {
                "type": "index",
                "value": {
                  "value": 0,
                  "type": "number"
                }
              },
              {
                "type": "get_attr",
                "value": "linux_options"
              },
              {
                "type": "index",
                "value": {
                  "value": 0,
                  "type": "number"
                }
              },
              {
                "type": "get_attr",
                "value": "script_text"
              }
            ],
            [
              {
                "type": "get_attr",
                "value": "clone"
              },
              {
                "type": "index",
                "value": {
                  "value": 0,
                  "type": "number"
                }
              },
              {
                "type": "get_attr",
                "value": "customize"
              },
              {
                "type": "index",
                "value": {
                  "value": 0,
                  "type": "number"
                }
              },
              {
                "type": "get_attr",
                "value": "windows_sysprep_text"
              }
            ]
          ],
          "private": "eyJzY2hlbWFfdmVyc2lvbiI6IjMifQ==",
          "dependencies": [
            "data.vsphere_compute_cluster.cluster",
            "data.vsphere_datacenter.datacenter",
            "data.vsphere_datastore.datastore",
            "data.vsphere_network.network_99",
            "data.vsphere_virtual_machine.template"
          ]
        }
      ]
    },
    {
      "mode": "managed",
      "type": "vsphere_virtual_machine",
      "name": "worker_3",
      "provider": "provider[\"registry.terraform.io/hashicorp/vsphere\"]",
      "instances": [
        {
          "schema_version": 3,
          "attributes": {
            "alternate_guest_name": "",
            "annotation": "",
            "boot_delay": 0,
            "boot_retry_delay": 10000,
            "boot_retry_enabled": false,
            "cdrom": [],
            "change_version": "2025-01-07T06:42:50.725565Z",
            "clone": [
              {
                "customization_spec": [],
                "customize": [
                  {
                    "dns_server_list": [
                      "10.10.92.201"
                    ],
                    "dns_suffix_list": [],
                    "ipv4_gateway": "10.10.99.1",
                    "ipv6_gateway": "",
                    "linux_options": [
                      {
                        "domain": "smrc.klab-a",
                        "host_name": "worker-3",
                        "hw_clock_utc": true,
                        "script_text": "",
                        "time_zone": ""
                      }
                    ],
                    "network_interface": [
                      {
                        "dns_domain": "",
                        "dns_server_list": [],
                        "ipv4_address": "10.10.99.16",
                        "ipv4_netmask": 24,
                        "ipv6_address": "",
                        "ipv6_netmask": 0
                      }
                    ],
                    "timeout": 10,
                    "windows_options": [],
                    "windows_sysprep_text": ""
                  }
                ],
                "linked_clone": false,
                "ovf_network_map": {},
                "ovf_storage_map": {},
                "template_uuid": "4210dc3a-963d-a83b-f926-7929987471de",
                "timeout": 30
              }
            ],
            "cpu_hot_add_enabled": false,
            "cpu_hot_remove_enabled": false,
            "cpu_limit": -1,
            "cpu_performance_counters_enabled": false,
            "cpu_reservation": 0,
            "cpu_share_count": 4000,
            "cpu_share_level": "normal",
            "custom_attributes": {},
            "datacenter_id": null,
            "datastore_cluster_id": null,
            "datastore_id": "datastore-4022",
            "default_ip_address": "10.10.99.16",
            "disk": [
              {
                "attach": false,
                "controller_type": "scsi",
                "datastore_id": "datastore-4022",
                "device_address": "scsi:0:0",
                "disk_mode": "persistent",
                "disk_sharing": "sharingNone",
                "eagerly_scrub": false,
                "io_limit": -1,
                "io_reservation": 0,
                "io_share_count": 1000,
                "io_share_level": "normal",
                "keep_on_remove": false,
                "key": 2000,
                "label": "disk",
                "path": "8ccc7c67-3846-960c-c5ef-5c6f69ea9c50/worker-3.vmdk",
                "size": 300,
                "storage_policy_id": "aa6d5a82-1c88-45da-85d3-3d74b91a5bad",
                "thin_provisioned": true,
                "unit_number": 0,
                "uuid": "6000C29a-ec04-38eb-501b-3de035796fb0",
                "write_through": false
              }
            ],
            "efi_secure_boot_enabled": false,
            "enable_disk_uuid": false,
            "enable_logging": false,
            "ept_rvi_mode": "automatic",
            "extra_config": {},
            "extra_config_reboot_required": true,
            "firmware": "bios",
            "folder": "",
            "force_power_off": true,
            "guest_id": "ubuntu64Guest",
            "guest_ip_addresses": [
              "10.10.99.16",
              "fe80::250:56ff:fe90:2f41"
            ],
            "hardware_version": 19,
            "host_system_id": "host-4010",
            "hv_mode": "hvAuto",
            "id": "42101d70-2bd3-0d26-83a9-3ece19b2ec2a",
            "ide_controller_count": 2,
            "ignored_guest_ips": null,
            "imported": null,
            "latency_sensitivity": "normal",
            "memory": 8192,
            "memory_hot_add_enabled": false,
            "memory_limit": -1,
            "memory_reservation": 0,
            "memory_reservation_locked_to_max": false,
            "memory_share_count": 81920,
            "memory_share_level": "normal",
            "migrate_wait_timeout": 30,
            "moid": "vm-13021",
            "name": "worker-3",
            "nested_hv_enabled": false,
            "network_interface": [
              {
                "adapter_type": "vmxnet3",
                "bandwidth_limit": -1,
                "bandwidth_reservation": 0,
                "bandwidth_share_count": 50,
                "bandwidth_share_level": "normal",
                "device_address": "pci:0:7",
                "key": 4000,
                "mac_address": "00:50:56:90:2f:41",
                "network_id": "dvportgroup-9132",
                "ovf_mapping": "",
                "physical_function": "",
                "use_static_mac": false
              }
            ],
            "num_cores_per_socket": 1,
            "num_cpus": 4,
            "ovf_deploy": [],
            "pci_device_id": [],
            "power_state": "on",
            "poweron_timeout": 300,
            "reboot_required": false,
            "replace_trigger": null,
            "resource_pool_id": "resgroup-9",
            "run_tools_scripts_after_power_on": true,
            "run_tools_scripts_after_resume": true,
            "run_tools_scripts_before_guest_reboot": false,
            "run_tools_scripts_before_guest_shutdown": true,
            "run_tools_scripts_before_guest_standby": true,
            "sata_controller_count": 0,
            "scsi_bus_sharing": "noSharing",
            "scsi_controller_count": 1,
            "scsi_type": "pvscsi",
            "shutdown_wait_timeout": 3,
            "storage_policy_id": "aa6d5a82-1c88-45da-85d3-3d74b91a5bad",
            "swap_placement_policy": "inherit",
            "sync_time_with_host": true,
            "sync_time_with_host_periodically": false,
            "tags": [],
            "tools_upgrade_policy": "manual",
            "uuid": "42101d70-2bd3-0d26-83a9-3ece19b2ec2a",
            "vapp": [],
            "vapp_transport": [],
            "vbs_enabled": false,
            "vmware_tools_status": "guestToolsRunning",
            "vmx_path": "8ccc7c67-3846-960c-c5ef-5c6f69ea9c50/worker-3.vmx",
            "vtpm": [],
            "vvtd_enabled": false,
            "wait_for_guest_ip_timeout": 0,
            "wait_for_guest_net_routable": true,
            "wait_for_guest_net_timeout": 5
          },
          "sensitive_attributes": [
            [
              {
                "type": "get_attr",
                "value": "clone"
              },
              {
                "type": "index",
                "value": {
                  "value": 0,
                  "type": "number"
                }
              },
              {
                "type": "get_attr",
                "value": "customize"
              },
              {
                "type": "index",
                "value": {
                  "value": 0,
                  "type": "number"
                }
              },
              {
                "type": "get_attr",
                "value": "linux_options"
              },
              {
                "type": "index",
                "value": {
                  "value": 0,
                  "type": "number"
                }
              },
              {
                "type": "get_attr",
                "value": "script_text"
              }
            ],
            [
              {
                "type": "get_attr",
                "value": "clone"
              },
              {
                "type": "index",
                "value": {
                  "value": 0,
                  "type": "number"
                }
              },
              {
                "type": "get_attr",
                "value": "customize"
              },
              {
                "type": "index",
                "value": {
                  "value": 0,
                  "type": "number"
                }
              },
              {
                "type": "get_attr",
                "value": "windows_sysprep_text"
              }
            ]
          ],
          "private": "eyJzY2hlbWFfdmVyc2lvbiI6IjMifQ==",
          "dependencies": [
            "data.vsphere_compute_cluster.cluster",
            "data.vsphere_datacenter.datacenter",
            "data.vsphere_datastore.datastore",
            "data.vsphere_network.network_99",
            "data.vsphere_virtual_machine.template"
          ]
        }
      ]
    }
  ],
  "check_results": null
}
